// !$*UTF8*$!
{
	archiveVersion = 1;
	classes = {
	};
	objectVersion = 46;
	objects = {

/* Begin PBXBuildFile section */
		38630C8B1B41C462002BDB52 /* AppDelegate.swift in Sources */ = {isa = PBXBuildFile; fileRef = 38630C8A1B41C462002BDB52 /* AppDelegate.swift */; };
		38630C8D1B41C462002BDB52 /* ViewController.swift in Sources */ = {isa = PBXBuildFile; fileRef = 38630C8C1B41C462002BDB52 /* ViewController.swift */; };
		38630C901B41C462002BDB52 /* Main.storyboard in Resources */ = {isa = PBXBuildFile; fileRef = 38630C8E1B41C462002BDB52 /* Main.storyboard */; };
		38630C921B41C462002BDB52 /* Images.xcassets in Resources */ = {isa = PBXBuildFile; fileRef = 38630C911B41C462002BDB52 /* Images.xcassets */; };
		38630C951B41C462002BDB52 /* LaunchScreen.xib in Resources */ = {isa = PBXBuildFile; fileRef = 38630C931B41C462002BDB52 /* LaunchScreen.xib */; };
		38630CA11B41C463002BDB52 /* devCalendarTests.swift in Sources */ = {isa = PBXBuildFile; fileRef = 38630CA01B41C463002BDB52 /* devCalendarTests.swift */; };
/* End PBXBuildFile section */

/* Begin PBXContainerItemProxy section */
		38630C9B1B41C463002BDB52 /* PBXContainerItemProxy */ = {
			isa = PBXContainerItemProxy;
			containerPortal = 38630C7D1B41C462002BDB52 /* Project object */;
			proxyType = 1;
			remoteGlobalIDString = 38630C841B41C462002BDB52;
			remoteInfo = devCalendar;
		};
/* End PBXContainerItemProxy section */

/* Begin PBXFileReference section */
		38630C851B41C462002BDB52 /* devCalendar.app */ = {isa = PBXFileReference; explicitFileType = wrapper.application; includeInIndex = 0; path = devCalendar.app; sourceTree = BUILT_PRODUCTS_DIR; };
		38630C891B41C462002BDB52 /* Info.plist */ = {isa = PBXFileReference; lastKnownFileType = text.plist.xml; path = Info.plist; sourceTree = "<group>"; };
		38630C8A1B41C462002BDB52 /* AppDelegate.swift */ = {isa = PBXFileReference; lastKnownFileType = sourcecode.swift; path = AppDelegate.swift; sourceTree = "<group>"; };
		38630C8C1B41C462002BDB52 /* ViewController.swift */ = {isa = PBXFileReference; lastKnownFileType = sourcecode.swift; path = ViewController.swift; sourceTree = "<group>"; };
		38630C8F1B41C462002BDB52 /* Base */ = {isa = PBXFileReference; lastKnownFileType = file.storyboard; name = Base; path = Base.lproj/Main.storyboard; sourceTree = "<group>"; };
		38630C911B41C462002BDB52 /* Images.xcassets */ = {isa = PBXFileReference; lastKnownFileType = folder.assetcatalog; path = Images.xcassets; sourceTree = "<group>"; };
		38630C941B41C462002BDB52 /* Base */ = {isa = PBXFileReference; lastKnownFileType = file.xib; name = Base; path = Base.lproj/LaunchScreen.xib; sourceTree = "<group>"; };
		38630C9A1B41C463002BDB52 /* devCalendarTests.xctest */ = {isa = PBXFileReference; explicitFileType = wrapper.cfbundle; includeInIndex = 0; path = devCalendarTests.xctest; sourceTree = BUILT_PRODUCTS_DIR; };
		38630C9F1B41C463002BDB52 /* Info.plist */ = {isa = PBXFileReference; lastKnownFileType = text.plist.xml; path = Info.plist; sourceTree = "<group>"; };
		38630CA01B41C463002BDB52 /* devCalendarTests.swift */ = {isa = PBXFileReference; lastKnownFileType = sourcecode.swift; path = devCalendarTests.swift; sourceTree = "<group>"; };
/* End PBXFileReference section */

/* Begin PBXFrameworksBuildPhase section */
		38630C821B41C462002BDB52 /* Frameworks */ = {
			isa = PBXFrameworksBuildPhase;
			buildActionMask = 2147483647;
			files = (
			);
			runOnlyForDeploymentPostprocessing = 0;
		};
		38630C971B41C463002BDB52 /* Frameworks */ = {
			isa = PBXFrameworksBuildPhase;
			buildActionMask = 2147483647;
			files = (
			);
			runOnlyForDeploymentPostprocessing = 0;
		};
/* End PBXFrameworksBuildPhase section */

/* Begin PBXGroup section */
		38630C7C1B41C462002BDB52 = {
			isa = PBXGroup;
			children = (
				38630C871B41C462002BDB52 /* devCalendar */,
				38630C9D1B41C463002BDB52 /* devCalendarTests */,
				38630C861B41C462002BDB52 /* Products */,
			);
			sourceTree = "<group>";
		};
		38630C861B41C462002BDB52 /* Products */ = {
			isa = PBXGroup;
			children = (
				38630C851B41C462002BDB52 /* devCalendar.app */,
				38630C9A1B41C463002BDB52 /* devCalendarTests.xctest */,
			);
			name = Products;
			sourceTree = "<group>";
		};
		38630C871B41C462002BDB52 /* devCalendar */ = {
			isa = PBXGroup;
			children = (
				38630C8A1B41C462002BDB52 /* AppDelegate.swift */,
				38630C8C1B41C462002BDB52 /* ViewController.swift */,
				38630C8E1B41C462002BDB52 /* Main.storyboard */,
				38630C911B41C462002BDB52 /* Images.xcassets */,
				38630C931B41C462002BDB52 /* LaunchScreen.xib */,
				38630C881B41C462002BDB52 /* Supporting Files */,
			);
			path = devCalendar;
			sourceTree = "<group>";
		};
		38630C881B41C462002BDB52 /* Supporting Files */ = {
			isa = PBXGroup;
			children = (
				38630C891B41C462002BDB52 /* Info.plist */,
			);
			name = "Supporting Files";
			sourceTree = "<group>";
		};
		38630C9D1B41C463002BDB52 /* devCalendarTests */ = {
			isa = PBXGroup;
			children = (
				38630CA01B41C463002BDB52 /* devCalendarTests.swift */,
				38630C9E1B41C463002BDB52 /* Supporting Files */,
			);
			path = devCalendarTests;
			sourceTree = "<group>";
		};
		38630C9E1B41C463002BDB52 /* Supporting Files */ = {
			isa = PBXGroup;
			children = (
				38630C9F1B41C463002BDB52 /* Info.plist */,
			);
			name = "Supporting Files";
			sourceTree = "<group>";
		};
/* End PBXGroup section */

/* Begin PBXNativeTarget section */
		38630C841B41C462002BDB52 /* devCalendar */ = {
			isa = PBXNativeTarget;
			buildConfigurationList = 38630CA41B41C463002BDB52 /* Build configuration list for PBXNativeTarget "devCalendar" */;
			buildPhases = (
				38630C811B41C462002BDB52 /* Sources */,
				38630C821B41C462002BDB52 /* Frameworks */,
				38630C831B41C462002BDB52 /* Resources */,
			);
			buildRules = (
			);
			dependencies = (
			);
			name = devCalendar;
			productName = devCalendar;
			productReference = 38630C851B41C462002BDB52 /* devCalendar.app */;
			productType = "com.apple.product-type.application";
		};
		38630C991B41C463002BDB52 /* devCalendarTests */ = {
			isa = PBXNativeTarget;
			buildConfigurationList = 38630CA71B41C463002BDB52 /* Build configuration list for PBXNativeTarget "devCalendarTests" */;
			buildPhases = (
				38630C961B41C463002BDB52 /* Sources */,
				38630C971B41C463002BDB52 /* Frameworks */,
				38630C981B41C463002BDB52 /* Resources */,
			);
			buildRules = (
			);
			dependencies = (
				38630C9C1B41C463002BDB52 /* PBXTargetDependency */,
			);
			name = devCalendarTests;
			productName = devCalendarTests;
			productReference = 38630C9A1B41C463002BDB52 /* devCalendarTests.xctest */;
			productType = "com.apple.product-type.bundle.unit-test";
		};
/* End PBXNativeTarget section */

/* Begin PBXProject section */
		38630C7D1B41C462002BDB52 /* Project object */ = {
			isa = PBXProject;
			attributes = {
				LastUpgradeCheck = 0630;
				ORGANIZATIONNAME = "Jonathan Grant";
				TargetAttributes = {
					38630C841B41C462002BDB52 = {
						CreatedOnToolsVersion = 6.3.2;
					};
					38630C991B41C463002BDB52 = {
						CreatedOnToolsVersion = 6.3.2;
						TestTargetID = 38630C841B41C462002BDB52;
					};
				};
			};
			buildConfigurationList = 38630C801B41C462002BDB52 /* Build configuration list for PBXProject "devCalendar" */;
			compatibilityVersion = "Xcode 3.2";
			developmentRegion = English;
			hasScannedForEncodings = 0;
			knownRegions = (
				en,
				Base,
			);
			mainGroup = 38630C7C1B41C462002BDB52;
			productRefGroup = 38630C861B41C462002BDB52 /* Products */;
			projectDirPath = "";
			projectRoot = "";
			targets = (
				38630C841B41C462002BDB52 /* devCalendar */,
				38630C991B41C463002BDB52 /* devCalendarTests */,
			);
		};
/* End PBXProject section */

/* Begin PBXResourcesBuildPhase section */
		38630C831B41C462002BDB52 /* Resources */ = {
			isa = PBXResourcesBuildPhase;
			buildActionMask = 2147483647;
			files = (
				38630C901B41C462002BDB52 /* Main.storyboard in Resources */,
				38630C951B41C462002BDB52 /* LaunchScreen.xib in Resources */,
				38630C921B41C462002BDB52 /* Images.xcassets in Resources */,
			);
			runOnlyForDeploymentPostprocessing = 0;
		};
		38630C981B41C463002BDB52 /* Resources */ = {
			isa = PBXResourcesBuildPhase;
			buildActionMask = 2147483647;
			files = (
			);
			runOnlyForDeploymentPostprocessing = 0;
		};
/* End PBXResourcesBuildPhase section */

/* Begin PBXSourcesBuildPhase section */
		38630C811B41C462002BDB52 /* Sources */ = {
			isa = PBXSourcesBuildPhase;
			buildActionMask = 2147483647;
			files = (
				38630C8D1B41C462002BDB52 /* ViewController.swift in Sources */,
				38630C8B1B41C462002BDB52 /* AppDelegate.swift in Sources */,
			);
			runOnlyForDeploymentPostprocessing = 0;
		};
		38630C961B41C463002BDB52 /* Sources */ = {
			isa = PBXSourcesBuildPhase;
			buildActionMask = 2147483647;
			files = (
				38630CA11B41C463002BDB52 /* devCalendarTests.swift in Sources */,
			);
			runOnlyForDeploymentPostprocessing = 0;
		};
/* End PBXSourcesBuildPhase section */

/* Begin PBXTargetDependency section */
		38630C9C1B41C463002BDB52 /* PBXTargetDependency */ = {
			isa = PBXTargetDependency;
			target = 38630C841B41C462002BDB52 /* devCalendar */;
			targetProxy = 38630C9B1B41C463002BDB52 /* PBXContainerItemProxy */;
		};
/* End PBXTargetDependency section */

/* Begin PBXVariantGroup section */
		38630C8E1B41C462002BDB52 /* Main.storyboard */ = {
			isa = PBXVariantGroup;
			children = (
				38630C8F1B41C462002BDB52 /* Base */,
			);
			name = Main.storyboard;
			sourceTree = "<group>";
		};
		38630C931B41C462002BDB52 /* LaunchScreen.xib */ = {
			isa = PBXVariantGroup;
			children = (
				38630C941B41C462002BDB52 /* Base */,
			);
			name = LaunchScreen.xib;
			sourceTree = "<group>";
		};
/* End PBXVariantGroup section */

/* Begin XCBuildConfiguration section */
		38630CA21B41C463002BDB52 /* Debug */ = {
			isa = XCBuildConfiguration;
			buildSettings = {
				ALWAYS_SEARCH_USER_PATHS = NO;
				CLANG_CXX_LANGUAGE_STANDARD = "gnu++0x";
				CLANG_CXX_LIBRARY = "libc++";
				CLANG_ENABLE_MODULES = YES;
				CLANG_ENABLE_OBJC_ARC = YES;
				CLANG_WARN_BOOL_CONVERSION = YES;
				CLANG_WARN_CONSTANT_CONVERSION = YES;
				CLANG_WARN_DIRECT_OBJC_ISA_USAGE = YES_ERROR;
				CLANG_WARN_EMPTY_BODY = YES;
				CLANG_WARN_ENUM_CONVERSION = YES;
				CLANG_WARN_INT_CONVERSION = YES;
				CLANG_WARN_OBJC_ROOT_CLASS = YES_ERROR;
				CLANG_WARN_UNREACHABLE_CODE = YES;
				CLANG_WARN__DUPLICATE_METHOD_MATCH = YES;
				"CODE_SIGN_IDENTITY[sdk=iphoneos*]" = "iPhone Developer";
				COPY_PHASE_STRIP = NO;
				DEBUG_INFORMATION_FORMAT = "dwarf-with-dsym";
				ENABLE_STRICT_OBJC_MSGSEND = YES;
				GCC_C_LANGUAGE_STANDARD = gnu99;
				GCC_DYNAMIC_NO_PIC = NO;
				GCC_NO_COMMON_BLOCKS = YES;
				GCC_OPTIMIZATION_LEVEL = 0;
				GCC_PREPROCESSOR_DEFINITIONS = (
					"DEBUG=1",
					"$(inherited)",
				);
				GCC_SYMBOLS_PRIVATE_EXTERN = NO;
				GCC_WARN_64_TO_32_BIT_CONVERSION = YES;
				GCC_WARN_ABOUT_RETURN_TYPE = YES_ERROR;
				GCC_WARN_UNDECLARED_SELECTOR = YES;
				GCC_WARN_UNINITIALIZED_AUTOS = YES_AGGRESSIVE;
				GCC_WARN_UNUSED_FUNCTION = YES;
				GCC_WARN_UNUSED_VARIABLE = YES;
				IPHONEOS_DEPLOYMENT_TARGET = 8.3;
				MTL_ENABLE_DEBUG_INFO = YES;
				ONLY_ACTIVE_ARCH = YES;
				SDKROOT = iphoneos;
				SWIFT_OPTIMIZATION_LEVEL = "-Onone";
				TARGETED_DEVICE_FAMILY = "1,2";
			};
			name = Debug;
		};
		38630CA31B41C463002BDB52 /* Release */ = {
			isa = XCBuildConfiguration;
			buildSettings = {
				ALWAYS_SEARCH_USER_PATHS = NO;
				CLANG_CXX_LANGUAGE_STANDARD = "gnu++0x";
				CLANG_CXX_LIBRARY = "libc++";
				CLANG_ENABLE_MODULES = YES;
				CLANG_ENABLE_OBJC_ARC = YES;
				CLANG_WARN_BOOL_CONVERSION = YES;
				CLANG_WARN_CONSTANT_CONVERSION = YES;
				CLANG_WARN_DIRECT_OBJC_ISA_USAGE = YES_ERROR;
				CLANG_WARN_EMPTY_BODY = YES;
				CLANG_WARN_ENUM_CONVERSION = YES;
				CLANG_WARN_INT_CONVERSION = YES;
				CLANG_WARN_OBJC_ROOT_CLASS = YES_ERROR;
				CLANG_WARN_UNREACHABLE_CODE = YES;
				CLANG_WARN__DUPLICATE_METHOD_MATCH = YES;
				"CODE_SIGN_IDENTITY[sdk=iphoneos*]" = "iPhone Developer";
				COPY_PHASE_STRIP = NO;
				DEBUG_INFORMATION_FORMAT = "dwarf-with-dsym";
				ENABLE_NS_ASSERTIONS = NO;
				ENABLE_STRICT_OBJC_MSGSEND = YES;
				GCC_C_LANGUAGE_STANDARD = gnu99;
				GCC_NO_COMMON_BLOCKS = YES;
				GCC_WARN_64_TO_32_BIT_CONVERSION = YES;
				GCC_WARN_ABOUT_RETURN_TYPE = YES_ERROR;
				GCC_WARN_UNDECLARED_SELECTOR = YES;
				GCC_WARN_UNINITIALIZED_AUTOS = YES_AGGRESSIVE;
				GCC_WARN_UNUSED_FUNCTION = YES;
				GCC_WARN_UNUSED_VARIABLE = YES;
				IPHONEOS_DEPLOYMENT_TARGET = 8.3;
				MTL_ENABLE_DEBUG_INFO = NO;
				SDKROOT = iphoneos;
				TARGETED_DEVICE_FAMILY = "1,2";
				VALIDATE_PRODUCT = YES;
			};
			name = Release;
		};
		38630CA51B41C463002BDB52 /* Debug */ = {
			isa = XCBuildConfiguration;
			buildSettings = {
				ASSETCATALOG_COMPILER_APPICON_NAME = AppIcon;
				INFOPLIST_FILE = devCalendar/Info.plist;
				LD_RUNPATH_SEARCH_PATHS = "$(inherited) @executable_path/Frameworks";
				PRODUCT_NAME = "$(TARGET_NAME)";
			};
			name = Debug;
		};
		38630CA61B41C463002BDB52 /* Release */ = {
			isa = XCBuildConfiguration;
			buildSettings = {
				ASSETCATALOG_COMPILER_APPICON_NAME = AppIcon;
				INFOPLIST_FILE = devCalendar/Info.plist;
				LD_RUNPATH_SEARCH_PATHS = "$(inherited) @executable_path/Frameworks";
				PRODUCT_NAME = "$(TARGET_NAME)";
			};
			name = Release;
		};
		38630CA81B41C463002BDB52 /* Debug */ = {
			isa = XCBuildConfiguration;
			buildSettings = {
				BUNDLE_LOADER = "$(TEST_HOST)";
				FRAMEWORK_SEARCH_PATHS = (
					"$(SDKROOT)/Developer/Library/Frameworks",
					"$(inherited)",
				);
				GCC_PREPROCESSOR_DEFINITIONS = (
					"DEBUG=1",
					"$(inherited)",
				);
				INFOPLIST_FILE = devCalendarTests/Info.plist;
				LD_RUNPATH_SEARCH_PATHS = "$(inherited) @executable_path/Frameworks @loader_path/Frameworks";
				PRODUCT_NAME = "$(TARGET_NAME)";
				TEST_HOST = "$(BUILT_PRODUCTS_DIR)/devCalendar.app/devCalendar";
			};
			name = Debug;
		};
		38630CA91B41C463002BDB52 /* Release */ = {
			isa = XCBuildConfiguration;
			buildSettings = {
				BUNDLE_LOADER = "$(TEST_HOST)";
				FRAMEWORK_SEARCH_PATHS = (
					"$(SDKROOT)/Developer/Library/Frameworks",
					"$(inherited)",
				);
				INFOPLIST_FILE = devCalendarTests/Info.plist;
				LD_RUNPATH_SEARCH_PATHS = "$(inherited) @executable_path/Frameworks @loader_path/Frameworks";
				PRODUCT_NAME = "$(TARGET_NAME)";
				TEST_HOST = "$(BUILT_PRODUCTS_DIR)/devCalendar.app/devCalendar";
			};
			name = Release;
		};
/* End XCBuildConfiguration section */

/* Begin XCConfigurationList section */
		38630C801B41C462002BDB52 /* Build configuration list for PBXProject "devCalendar" */ = {
			isa = XCConfigurationList;
			buildConfigurations = (
				38630CA21B41C463002BDB52 /* Debug */,
				38630CA31B41C463002BDB52 /* Release */,
			);
			defaultConfigurationIsVisible = 0;
			defaultConfigurationName = Release;
		};
		38630CA41B41C463002BDB52 /* Build configuration list for PBXNativeTarget "devCalendar" */ = {
			isa = XCConfigurationList;
			buildConfigurations = (
				38630CA51B41C463002BDB52 /* Debug */,
				38630CA61B41C463002BDB52 /* Release */,
			);
			defaultConfigurationIsVisible = 0;
		};
		38630CA71B41C463002BDB52 /* Build configuration list for PBXNativeTarget "devCalendarTests" */ = {
			isa = XCConfigurationList;
			buildConfigurations = (
				38630CA81B41C463002BDB52 /* Debug */,
				38630CA91B41C463002BDB52 /* Release */,
			);
			defaultConfigurationIsVisible = 0;
		};
/* End XCConfigurationList section */
	};
	rootObject = 38630C7D1B41C462002BDB52 /* Project object */;
}
